
Microsoft Visual Studio Solution File, Format Version 12.00
# Visual Studio Version 16
VisualStudioVersion = 16.0.31729.503
MinimumVisualStudioVersion = 10.0.40219.1
Project("{9A19103F-16F7-4668-BE54-9A1E7A4F7556}") = "TransportEnterprise.Models", "TransportEnterprise.Domain\TransportEnterprise.Models.csproj", "{C01332B5-42B7-4D09-8536-238A1B2D940B}"
EndProject
Project("{9A19103F-16F7-4668-BE54-9A1E7A4F7556}") = "TransportEnterprise.Core", "TransportEnterprise.Core\TransportEnterprise.Core.csproj", "{A602FC8C-2034-4468-92BF-944B805DEEA5}"
EndProject
Project("{9A19103F-16F7-4668-BE54-9A1E7A4F7556}") = "TransportEnterprise.XmlParser", "TransportEnterprise.XmlParser\TransportEnterprise.XmlParser.csproj", "{DD308B4D-5841-40A0-8CCF-D711593436D2}"
EndProject
Project("{9A19103F-16F7-4668-BE54-9A1E7A4F7556}") = "TransportEnterprise.XmlParserTests", "TransportEnterprise.XmlParserTests\TransportEnterprise.XmlParserTests.csproj", "{9193258A-DFA9-460E-929E-7EC6A317B6CF}"
EndProject
Project("{FAE04EC0-301F-11D3-BF4B-00C04F79EFBC}") = "TransportEnterprise.ModelsTests", "TransportEnterprise.ModelsTests\TransportEnterprise.ModelsTests.csproj", "{C78414FE-6D04-458B-863E-F4FCFC0B4501}"
EndProject
Global
	GlobalSection(SolutionConfigurationPlatforms) = preSolution
		Debug|Any CPU = Debug|Any CPU
		Release|Any CPU = Release|Any CPU
	EndGlobalSection
	GlobalSection(ProjectConfigurationPlatforms) = postSolution
		{C01332B5-42B7-4D09-8536-238A1B2D940B}.Debug|Any CPU.ActiveCfg = Debug|Any CPU
		{C01332B5-42B7-4D09-8536-238A1B2D940B}.Debug|Any CPU.Build.0 = Debug|Any CPU
		{C01332B5-42B7-4D09-8536-238A1B2D940B}.Release|Any CPU.ActiveCfg = Release|Any CPU
		{C01332B5-42B7-4D09-8536-238A1B2D940B}.Release|Any CPU.Build.0 = Release|Any CPU
		{A602FC8C-2034-4468-92BF-944B805DEEA5}.Debug|Any CPU.ActiveCfg = Debug|Any CPU
		{A602FC8C-2034-4468-92BF-944B805DEEA5}.Debug|Any CPU.Build.0 = Debug|Any CPU
		{A602FC8C-2034-4468-92BF-944B805DEEA5}.Release|Any CPU.ActiveCfg = Release|Any CPU
		{A602FC8C-2034-4468-92BF-944B805DEEA5}.Release|Any CPU.Build.0 = Release|Any CPU
		{DD308B4D-5841-40A0-8CCF-D711593436D2}.Debug|Any CPU.ActiveCfg = Debug|Any CPU
		{DD308B4D-5841-40A0-8CCF-D711593436D2}.Debug|Any CPU.Build.0 = Debug|Any CPU
		{DD308B4D-5841-40A0-8CCF-D711593436D2}.Release|Any CPU.ActiveCfg = Release|Any CPU
		{DD308B4D-5841-40A0-8CCF-D711593436D2}.Release|Any CPU.Build.0 = Release|Any CPU
		{9193258A-DFA9-460E-929E-7EC6A317B6CF}.Debug|Any CPU.ActiveCfg = Debug|Any CPU
		{9193258A-DFA9-460E-929E-7EC6A317B6CF}.Debug|Any CPU.Build.0 = Debug|Any CPU
		{9193258A-DFA9-460E-929E-7EC6A317B6CF}.Release|Any CPU.ActiveCfg = Release|Any CPU
		{9193258A-DFA9-460E-929E-7EC6A317B6CF}.Release|Any CPU.Build.0 = Release|Any CPU
		{C78414FE-6D04-458B-863E-F4FCFC0B4501}.Debug|Any CPU.ActiveCfg = Debug|Any CPU
		{C78414FE-6D04-458B-863E-F4FCFC0B4501}.Debug|Any CPU.Build.0 = Debug|Any CPU
		{C78414FE-6D04-458B-863E-F4FCFC0B4501}.Release|Any CPU.ActiveCfg = Release|Any CPU
		{C78414FE-6D04-458B-863E-F4FCFC0B4501}.Release|Any CPU.Build.0 = Release|Any CPU
	EndGlobalSection
	GlobalSection(SolutionProperties) = preSolution
		HideSolutionNode = FALSE
	EndGlobalSection
	GlobalSection(ExtensibilityGlobals) = postSolution
		SolutionGuid = {5CA6AE20-AA26-485D-9B6B-681537885DCD}
	EndGlobalSection
EndGlobal
